
Microsoft Visual Studio Solution File, Format Version 12.00
# Visual Studio Version 17
VisualStudioVersion = 17.8.34330.188
MinimumVisualStudioVersion = 10.0.40219.1
Project("{FAE04EC0-301F-11D3-BF4B-00C04F79EFBC}") = "GCTest_October", "GCTest_October\GCTest_October.csproj", "{164737A2-EF6B-402E-B013-3D57017F1AC9}"
EndProject
Global
	GlobalSection(SolutionConfigurationPlatforms) = preSolution
		Debug|Any CPU = Debug|Any CPU
		Release|Any CPU = Release|Any CPU
	EndGlobalSection
	GlobalSection(ProjectConfigurationPlatforms) = postSolution
		{164737A2-EF6B-402E-B013-3D57017F1AC9}.Debug|Any CPU.ActiveCfg = Debug|Any CPU
		{164737A2-EF6B-402E-B013-3D57017F1AC9}.Debug|Any CPU.Build.0 = Debug|Any CPU
		{164737A2-EF6B-402E-B013-3D57017F1AC9}.Release|Any CPU.ActiveCfg = Release|Any CPU
		{164737A2-EF6B-402E-B013-3D57017F1AC9}.Release|Any CPU.Build.0 = Release|Any CPU
	EndGlobalSection
	GlobalSection(SolutionProperties) = preSolution
		HideSolutionNode = FALSE
	EndGlobalSection
	GlobalSection(ExtensibilityGlobals) = postSolution
		SolutionGuid = {D59E8495-842E-47E3-8760-4548AEE6F55B}
	EndGlobalSection
EndGlobal
